
Microsoft Visual Studio Solution File, Format Version 12.00
# Visual Studio Version 17
VisualStudioVersion = 17.5.002.0
MinimumVisualStudioVersion = 10.0.40219.1
Project("{9A19103F-16F7-4668-BE54-9A1E7A4F7556}") = "CyberSimAware", "CyberSimAware.csproj", "{6BB16A60-10DF-4791-85F5-C153C02366FC}"
EndProject
Global
	GlobalSection(SolutionConfigurationPlatforms) = preSolution
		Debug|Any CPU = Debug|Any CPU
		Release|Any CPU = Release|Any CPU
	EndGlobalSection
	GlobalSection(ProjectConfigurationPlatforms) = postSolution
		{6BB16A60-10DF-4791-85F5-C153C02366FC}.Debug|Any CPU.ActiveCfg = Debug|Any CPU
		{6BB16A60-10DF-4791-85F5-C153C02366FC}.Debug|Any CPU.Build.0 = Debug|Any CPU
		{6BB16A60-10DF-4791-85F5-C153C02366FC}.Release|Any CPU.ActiveCfg = Release|Any CPU
		{6BB16A60-10DF-4791-85F5-C153C02366FC}.Release|Any CPU.Build.0 = Release|Any CPU
	EndGlobalSection
	GlobalSection(SolutionProperties) = preSolution
		HideSolutionNode = FALSE
	EndGlobalSection
	GlobalSection(ExtensibilityGlobals) = postSolution
		SolutionGuid = {E9DA7DC6-6047-4A6D-ACDA-227EB413E6F1}
	EndGlobalSection
EndGlobal
